
Microsoft Visual Studio Solution File, Format Version 10.00
# Visual Studio 2008
Project("{E24C65DC-7377-472B-9ABA-BC803B73C61A}") = "Tripi", "Tripi\", "{4C6090EE-269D-4A76-86E3-79A820BA8F9F}"
	ProjectSection(WebsiteProperties) = preProject
		TargetFramework = "3.5"
		Debug.AspNetCompiler.VirtualPath = "/Tripi"
		Debug.AspNetCompiler.PhysicalPath = "C:\Documents and Settings\Administrator\Moje dokumenty\Imagine Cup\Tripi\Tripi\"
		Debug.AspNetCompiler.TargetPath = "PrecompiledWeb\Tripi\"
		Debug.AspNetCompiler.Updateable = "true"
		Debug.AspNetCompiler.ForceOverwrite = "true"
		Debug.AspNetCompiler.FixedNames = "false"
		Debug.AspNetCompiler.Debug = "True"
		Release.AspNetCompiler.VirtualPath = "/Tripi"
		Release.AspNetCompiler.PhysicalPath = "C:\Documents and Settings\Administrator\Moje dokumenty\Imagine Cup\Tripi\Tripi\"
		Release.AspNetCompiler.TargetPath = "PrecompiledWeb\Tripi\"
		Release.AspNetCompiler.Updateable = "true"
		Release.AspNetCompiler.ForceOverwrite = "true"
		Release.AspNetCompiler.FixedNames = "false"
		Release.AspNetCompiler.Debug = "False"
		VWDPort = "1083"
	EndProjectSection
EndProject
Global
	GlobalSection(SolutionConfigurationPlatforms) = preSolution
		Debug|Any CPU = Debug|Any CPU
	EndGlobalSection
	GlobalSection(ProjectConfigurationPlatforms) = postSolution
		{4C6090EE-269D-4A76-86E3-79A820BA8F9F}.Debug|Any CPU.ActiveCfg = Debug|Any CPU
		{4C6090EE-269D-4A76-86E3-79A820BA8F9F}.Debug|Any CPU.Build.0 = Debug|Any CPU
	EndGlobalSection
	GlobalSection(SolutionProperties) = preSolution
		HideSolutionNode = FALSE
	EndGlobalSection
EndGlobal
