
Microsoft Visual Studio Solution File, Format Version 10.00
# Visual Studio 2008
Project("{FAE04EC0-301F-11D3-BF4B-00C04F79EFBC}") = "TrafficLibrary", "TrafficLibrary\TrafficLibrary.csproj", "{34723F3D-FA80-4E80-BBB6-C2367C301042}"
EndProject
Project("{FAE04EC0-301F-11D3-BF4B-00C04F79EFBC}") = "TrafficWCFServer", "TrafficWCFServer\TrafficWCFServer.csproj", "{D1D58B7F-57D5-40FD-A7E3-46ACBF4C4314}"
EndProject
Project("{FAE04EC0-301F-11D3-BF4B-00C04F79EFBC}") = "TrafficDebugVisualizer", "TrafficDebugVisualizer\TrafficDebugVisualizer.csproj", "{6B882F2D-2553-4838-B7DB-3652A2F80562}"
EndProject
Project("{FAE04EC0-301F-11D3-BF4B-00C04F79EFBC}") = "TrafficParser", "TrafficParser\TrafficParser.csproj", "{BBA621C9-37F6-42A6-9935-E1FDA11D2A42}"
EndProject
Global
	GlobalSection(SolutionConfigurationPlatforms) = preSolution
		Debug|Any CPU = Debug|Any CPU
		Release|Any CPU = Release|Any CPU
	EndGlobalSection
	GlobalSection(ProjectConfigurationPlatforms) = postSolution
		{34723F3D-FA80-4E80-BBB6-C2367C301042}.Debug|Any CPU.ActiveCfg = Debug|Any CPU
		{34723F3D-FA80-4E80-BBB6-C2367C301042}.Debug|Any CPU.Build.0 = Debug|Any CPU
		{34723F3D-FA80-4E80-BBB6-C2367C301042}.Release|Any CPU.ActiveCfg = Release|Any CPU
		{34723F3D-FA80-4E80-BBB6-C2367C301042}.Release|Any CPU.Build.0 = Release|Any CPU
		{D1D58B7F-57D5-40FD-A7E3-46ACBF4C4314}.Debug|Any CPU.ActiveCfg = Debug|Any CPU
		{D1D58B7F-57D5-40FD-A7E3-46ACBF4C4314}.Debug|Any CPU.Build.0 = Debug|Any CPU
		{D1D58B7F-57D5-40FD-A7E3-46ACBF4C4314}.Release|Any CPU.ActiveCfg = Release|Any CPU
		{D1D58B7F-57D5-40FD-A7E3-46ACBF4C4314}.Release|Any CPU.Build.0 = Release|Any CPU
		{6B882F2D-2553-4838-B7DB-3652A2F80562}.Debug|Any CPU.ActiveCfg = Debug|Any CPU
		{6B882F2D-2553-4838-B7DB-3652A2F80562}.Debug|Any CPU.Build.0 = Debug|Any CPU
		{6B882F2D-2553-4838-B7DB-3652A2F80562}.Release|Any CPU.ActiveCfg = Release|Any CPU
		{6B882F2D-2553-4838-B7DB-3652A2F80562}.Release|Any CPU.Build.0 = Release|Any CPU
		{BBA621C9-37F6-42A6-9935-E1FDA11D2A42}.Debug|Any CPU.ActiveCfg = Debug|Any CPU
		{BBA621C9-37F6-42A6-9935-E1FDA11D2A42}.Debug|Any CPU.Build.0 = Debug|Any CPU
		{BBA621C9-37F6-42A6-9935-E1FDA11D2A42}.Release|Any CPU.ActiveCfg = Release|Any CPU
		{BBA621C9-37F6-42A6-9935-E1FDA11D2A42}.Release|Any CPU.Build.0 = Release|Any CPU
	EndGlobalSection
	GlobalSection(SolutionProperties) = preSolution
		HideSolutionNode = FALSE
	EndGlobalSection
EndGlobal
